
Microsoft Visual Studio Solution File, Format Version 12.00
# Visual Studio Version 17
VisualStudioVersion = 17.2.32616.157
MinimumVisualStudioVersion = 10.0.40219.1
Project("{FAE04EC0-301F-11D3-BF4B-00C04F79EFBC}") = "DesktopProject", "DesktopProject.csproj", "{B3C7003C-0E76-44B3-A80C-0660A93CDC74}"
EndProject
Global
	GlobalSection(SolutionConfigurationPlatforms) = preSolution
		Debug|Any CPU = Debug|Any CPU
		Release|Any CPU = Release|Any CPU
	EndGlobalSection
	GlobalSection(ProjectConfigurationPlatforms) = postSolution
		{B3C7003C-0E76-44B3-A80C-0660A93CDC74}.Debug|Any CPU.ActiveCfg = Debug|Any CPU
		{B3C7003C-0E76-44B3-A80C-0660A93CDC74}.Debug|Any CPU.Build.0 = Debug|Any CPU
		{B3C7003C-0E76-44B3-A80C-0660A93CDC74}.Release|Any CPU.ActiveCfg = Release|Any CPU
		{B3C7003C-0E76-44B3-A80C-0660A93CDC74}.Release|Any CPU.Build.0 = Release|Any CPU
	EndGlobalSection
	GlobalSection(SolutionProperties) = preSolution
		HideSolutionNode = FALSE
	EndGlobalSection
	GlobalSection(ExtensibilityGlobals) = postSolution
		SolutionGuid = {36CBC160-7848-492A-A5DE-CA029038D110}
	EndGlobalSection
EndGlobal
